// !$*UTF8*$!
{
	archiveVersion = 1;
	classes = {
	};
	objectVersion = 50;
	objects = {

/* Begin PBXBuildFile section */
		88EB3887261260DA00BD9EB0 /* TouchdownApp.swift in Sources */ = {isa = PBXBuildFile; fileRef = 88EB3886261260DA00BD9EB0 /* TouchdownApp.swift */; };
		88EB3889261260DA00BD9EB0 /* ContentView.swift in Sources */ = {isa = PBXBuildFile; fileRef = 88EB3888261260DA00BD9EB0 /* ContentView.swift */; };
		88EB388B261260DB00BD9EB0 /* Assets.xcassets in Resources */ = {isa = PBXBuildFile; fileRef = 88EB388A261260DB00BD9EB0 /* Assets.xcassets */; };
		88EB388E261260DB00BD9EB0 /* Preview Assets.xcassets in Resources */ = {isa = PBXBuildFile; fileRef = 88EB388D261260DB00BD9EB0 /* Preview Assets.xcassets */; };
		88EB389A2612624900BD9EB0 /* category.json in Resources */ = {isa = PBXBuildFile; fileRef = 88EB38962612624900BD9EB0 /* category.json */; };
		88EB389B2612624900BD9EB0 /* brand.json in Resources */ = {isa = PBXBuildFile; fileRef = 88EB38972612624900BD9EB0 /* brand.json */; };
		88EB389C2612624900BD9EB0 /* player.json in Resources */ = {isa = PBXBuildFile; fileRef = 88EB38982612624900BD9EB0 /* player.json */; };
		88EB389D2612624900BD9EB0 /* product.json in Resources */ = {isa = PBXBuildFile; fileRef = 88EB38992612624900BD9EB0 /* product.json */; };
		88EB38AD261264E600BD9EB0 /* Constant.swift in Sources */ = {isa = PBXBuildFile; fileRef = 88EB38AC261264E600BD9EB0 /* Constant.swift */; };
		88EB38B1261265D700BD9EB0 /* FooterView.swift in Sources */ = {isa = PBXBuildFile; fileRef = 88EB38B0261265D700BD9EB0 /* FooterView.swift */; };
		88EB38B526126A3B00BD9EB0 /* NavigationBarView.swift in Sources */ = {isa = PBXBuildFile; fileRef = 88EB38B426126A3B00BD9EB0 /* NavigationBarView.swift */; };
		88EB38B826126B7500BD9EB0 /* LogoView.swift in Sources */ = {isa = PBXBuildFile; fileRef = 88EB38B726126B7500BD9EB0 /* LogoView.swift */; };
		88EB38BB2612793600BD9EB0 /* PlayerModel.swift in Sources */ = {isa = PBXBuildFile; fileRef = 88EB38BA2612793600BD9EB0 /* PlayerModel.swift */; };
		88EB38BE2612798400BD9EB0 /* CodableBundleExtension.swift in Sources */ = {isa = PBXBuildFile; fileRef = 88EB38BD2612798400BD9EB0 /* CodableBundleExtension.swift */; };
		88EB38C126127B7300BD9EB0 /* FeaturedItemView.swift in Sources */ = {isa = PBXBuildFile; fileRef = 88EB38C026127B7300BD9EB0 /* FeaturedItemView.swift */; };
		88EB38C426127C1700BD9EB0 /* FeaturedTabView.swift in Sources */ = {isa = PBXBuildFile; fileRef = 88EB38C326127C1700BD9EB0 /* FeaturedTabView.swift */; };
		88EB38C72612805500BD9EB0 /* CategoryModel.swift in Sources */ = {isa = PBXBuildFile; fileRef = 88EB38C62612805500BD9EB0 /* CategoryModel.swift */; };
		88EB38CA261281A200BD9EB0 /* CategoryItemView.swift in Sources */ = {isa = PBXBuildFile; fileRef = 88EB38C9261281A200BD9EB0 /* CategoryItemView.swift */; };
		88EB38CD261283BD00BD9EB0 /* CategoryGridView.swift in Sources */ = {isa = PBXBuildFile; fileRef = 88EB38CC261283BD00BD9EB0 /* CategoryGridView.swift */; };
		88EB38D0261285AC00BD9EB0 /* SectionView.swift in Sources */ = {isa = PBXBuildFile; fileRef = 88EB38CF261285AC00BD9EB0 /* SectionView.swift */; };
		88EB38D32613A54C00BD9EB0 /* TitleView.swift in Sources */ = {isa = PBXBuildFile; fileRef = 88EB38D22613A54C00BD9EB0 /* TitleView.swift */; };
		88EB38D62613A8A200BD9EB0 /* ProductModel.swift in Sources */ = {isa = PBXBuildFile; fileRef = 88EB38D52613A8A200BD9EB0 /* ProductModel.swift */; };
		88EB38D92613AB1800BD9EB0 /* ProductItemView.swift in Sources */ = {isa = PBXBuildFile; fileRef = 88EB38D82613AB1800BD9EB0 /* ProductItemView.swift */; };
		88EB38DC2613AF3E00BD9EB0 /* BrandModel.swift in Sources */ = {isa = PBXBuildFile; fileRef = 88EB38DB2613AF3E00BD9EB0 /* BrandModel.swift */; };
		88EB38DF2613AFB200BD9EB0 /* BrandItemView.swift in Sources */ = {isa = PBXBuildFile; fileRef = 88EB38DE2613AFB200BD9EB0 /* BrandItemView.swift */; };
		88EB38E22613B0A400BD9EB0 /* BrandGridView.swift in Sources */ = {isa = PBXBuildFile; fileRef = 88EB38E12613B0A400BD9EB0 /* BrandGridView.swift */; };
		88EB38E52613B4C600BD9EB0 /* ProductDetailView.swift in Sources */ = {isa = PBXBuildFile; fileRef = 88EB38E42613B4C600BD9EB0 /* ProductDetailView.swift */; };
		88EB38E82613B77C00BD9EB0 /* NavigationBarDetailView.swift in Sources */ = {isa = PBXBuildFile; fileRef = 88EB38E72613B77C00BD9EB0 /* NavigationBarDetailView.swift */; };
		88EB38EB2613B92400BD9EB0 /* HeaderDetailView.swift in Sources */ = {isa = PBXBuildFile; fileRef = 88EB38EA2613B92400BD9EB0 /* HeaderDetailView.swift */; };
		88EB38EE2613BA2A00BD9EB0 /* TopPartDetailView.swift in Sources */ = {isa = PBXBuildFile; fileRef = 88EB38ED2613BA2A00BD9EB0 /* TopPartDetailView.swift */; };
		88EB38F12613BFD900BD9EB0 /* CustomShape.swift in Sources */ = {isa = PBXBuildFile; fileRef = 88EB38F02613BFD900BD9EB0 /* CustomShape.swift */; };
		88EB38F42613C52600BD9EB0 /* RatingsSizesDetailView.swift in Sources */ = {isa = PBXBuildFile; fileRef = 88EB38F32613C52500BD9EB0 /* RatingsSizesDetailView.swift */; };
		88EB38F72613C8A800BD9EB0 /* QuantityFavouriteDetailView.swift in Sources */ = {isa = PBXBuildFile; fileRef = 88EB38F62613C8A800BD9EB0 /* QuantityFavouriteDetailView.swift */; };
		88EB38FA2613CC5000BD9EB0 /* AddToCartDetailView.swift in Sources */ = {isa = PBXBuildFile; fileRef = 88EB38F92613CC5000BD9EB0 /* AddToCartDetailView.swift */; };
/* End PBXBuildFile section */

/* Begin PBXFileReference section */
		88EB3883261260DA00BD9EB0 /* Touchdown.app */ = {isa = PBXFileReference; explicitFileType = wrapper.application; includeInIndex = 0; path = Touchdown.app; sourceTree = BUILT_PRODUCTS_DIR; };
		88EB3886261260DA00BD9EB0 /* TouchdownApp.swift */ = {isa = PBXFileReference; lastKnownFileType = sourcecode.swift; path = TouchdownApp.swift; sourceTree = "<group>"; };
		88EB3888261260DA00BD9EB0 /* ContentView.swift */ = {isa = PBXFileReference; lastKnownFileType = sourcecode.swift; path = ContentView.swift; sourceTree = "<group>"; };
		88EB388A261260DB00BD9EB0 /* Assets.xcassets */ = {isa = PBXFileReference; lastKnownFileType = folder.assetcatalog; path = Assets.xcassets; sourceTree = "<group>"; };
		88EB388D261260DB00BD9EB0 /* Preview Assets.xcassets */ = {isa = PBXFileReference; lastKnownFileType = folder.assetcatalog; path = "Preview Assets.xcassets"; sourceTree = "<group>"; };
		88EB388F261260DB00BD9EB0 /* Info.plist */ = {isa = PBXFileReference; lastKnownFileType = text.plist.xml; path = Info.plist; sourceTree = "<group>"; };
		88EB38962612624900BD9EB0 /* category.json */ = {isa = PBXFileReference; fileEncoding = 4; lastKnownFileType = text.json; path = category.json; sourceTree = "<group>"; };
		88EB38972612624900BD9EB0 /* brand.json */ = {isa = PBXFileReference; fileEncoding = 4; lastKnownFileType = text.json; path = brand.json; sourceTree = "<group>"; };
		88EB38982612624900BD9EB0 /* player.json */ = {isa = PBXFileReference; fileEncoding = 4; lastKnownFileType = text.json; path = player.json; sourceTree = "<group>"; };
		88EB38992612624900BD9EB0 /* product.json */ = {isa = PBXFileReference; fileEncoding = 4; lastKnownFileType = text.json; path = product.json; sourceTree = "<group>"; };
		88EB38AC261264E600BD9EB0 /* Constant.swift */ = {isa = PBXFileReference; lastKnownFileType = sourcecode.swift; path = Constant.swift; sourceTree = "<group>"; };
		88EB38B0261265D700BD9EB0 /* FooterView.swift */ = {isa = PBXFileReference; lastKnownFileType = sourcecode.swift; path = FooterView.swift; sourceTree = "<group>"; };
		88EB38B426126A3B00BD9EB0 /* NavigationBarView.swift */ = {isa = PBXFileReference; lastKnownFileType = sourcecode.swift; path = NavigationBarView.swift; sourceTree = "<group>"; };
		88EB38B726126B7500BD9EB0 /* LogoView.swift */ = {isa = PBXFileReference; lastKnownFileType = sourcecode.swift; path = LogoView.swift; sourceTree = "<group>"; };
		88EB38BA2612793600BD9EB0 /* PlayerModel.swift */ = {isa = PBXFileReference; lastKnownFileType = sourcecode.swift; path = PlayerModel.swift; sourceTree = "<group>"; };
		88EB38BD2612798400BD9EB0 /* CodableBundleExtension.swift */ = {isa = PBXFileReference; lastKnownFileType = sourcecode.swift; path = CodableBundleExtension.swift; sourceTree = "<group>"; };
		88EB38C026127B7300BD9EB0 /* FeaturedItemView.swift */ = {isa = PBXFileReference; lastKnownFileType = sourcecode.swift; path = FeaturedItemView.swift; sourceTree = "<group>"; };
		88EB38C326127C1700BD9EB0 /* FeaturedTabView.swift */ = {isa = PBXFileReference; lastKnownFileType = sourcecode.swift; path = FeaturedTabView.swift; sourceTree = "<group>"; };
		88EB38C62612805500BD9EB0 /* CategoryModel.swift */ = {isa = PBXFileReference; lastKnownFileType = sourcecode.swift; path = CategoryModel.swift; sourceTree = "<group>"; };
		88EB38C9261281A200BD9EB0 /* CategoryItemView.swift */ = {isa = PBXFileReference; lastKnownFileType = sourcecode.swift; path = CategoryItemView.swift; sourceTree = "<group>"; };
		88EB38CC261283BD00BD9EB0 /* CategoryGridView.swift */ = {isa = PBXFileReference; lastKnownFileType = sourcecode.swift; path = CategoryGridView.swift; sourceTree = "<group>"; };
		88EB38CF261285AC00BD9EB0 /* SectionView.swift */ = {isa = PBXFileReference; lastKnownFileType = sourcecode.swift; path = SectionView.swift; sourceTree = "<group>"; };
		88EB38D22613A54C00BD9EB0 /* TitleView.swift */ = {isa = PBXFileReference; lastKnownFileType = sourcecode.swift; path = TitleView.swift; sourceTree = "<group>"; };
		88EB38D52613A8A200BD9EB0 /* ProductModel.swift */ = {isa = PBXFileReference; lastKnownFileType = sourcecode.swift; path = ProductModel.swift; sourceTree = "<group>"; };
		88EB38D82613AB1800BD9EB0 /* ProductItemView.swift */ = {isa = PBXFileReference; lastKnownFileType = sourcecode.swift; path = ProductItemView.swift; sourceTree = "<group>"; };
		88EB38DB2613AF3E00BD9EB0 /* BrandModel.swift */ = {isa = PBXFileReference; lastKnownFileType = sourcecode.swift; path = BrandModel.swift; sourceTree = "<group>"; };
		88EB38DE2613AFB200BD9EB0 /* BrandItemView.swift */ = {isa = PBXFileReference; lastKnownFileType = sourcecode.swift; path = BrandItemView.swift; sourceTree = "<group>"; };
		88EB38E12613B0A400BD9EB0 /* BrandGridView.swift */ = {isa = PBXFileReference; lastKnownFileType = sourcecode.swift; path = BrandGridView.swift; sourceTree = "<group>"; };
		88EB38E42613B4C600BD9EB0 /* ProductDetailView.swift */ = {isa = PBXFileReference; lastKnownFileType = sourcecode.swift; path = ProductDetailView.swift; sourceTree = "<group>"; };
		88EB38E72613B77C00BD9EB0 /* NavigationBarDetailView.swift */ = {isa = PBXFileReference; lastKnownFileType = sourcecode.swift; path = NavigationBarDetailView.swift; sourceTree = "<group>"; };
		88EB38EA2613B92400BD9EB0 /* HeaderDetailView.swift */ = {isa = PBXFileReference; lastKnownFileType = sourcecode.swift; path = HeaderDetailView.swift; sourceTree = "<group>"; };
		88EB38ED2613BA2A00BD9EB0 /* TopPartDetailView.swift */ = {isa = PBXFileReference; lastKnownFileType = sourcecode.swift; path = TopPartDetailView.swift; sourceTree = "<group>"; };
		88EB38F02613BFD900BD9EB0 /* CustomShape.swift */ = {isa = PBXFileReference; lastKnownFileType = sourcecode.swift; path = CustomShape.swift; sourceTree = "<group>"; };
		88EB38F32613C52500BD9EB0 /* RatingsSizesDetailView.swift */ = {isa = PBXFileReference; lastKnownFileType = sourcecode.swift; path = RatingsSizesDetailView.swift; sourceTree = "<group>"; };
		88EB38F62613C8A800BD9EB0 /* QuantityFavouriteDetailView.swift */ = {isa = PBXFileReference; lastKnownFileType = sourcecode.swift; path = QuantityFavouriteDetailView.swift; sourceTree = "<group>"; };
		88EB38F92613CC5000BD9EB0 /* AddToCartDetailView.swift */ = {isa = PBXFileReference; lastKnownFileType = sourcecode.swift; path = AddToCartDetailView.swift; sourceTree = "<group>"; };
/* End PBXFileReference section */

/* Begin PBXFrameworksBuildPhase section */
		88EB3880261260DA00BD9EB0 /* Frameworks */ = {
			isa = PBXFrameworksBuildPhase;
			buildActionMask = 2147483647;
			files = (
			);
			runOnlyForDeploymentPostprocessing = 0;
		};
/* End PBXFrameworksBuildPhase section */

/* Begin PBXGroup section */
		88EB387A261260DA00BD9EB0 = {
			isa = PBXGroup;
			children = (
				88EB3885261260DA00BD9EB0 /* Touchdown */,
				88EB3884261260DA00BD9EB0 /* Products */,
			);
			sourceTree = "<group>";
		};
		88EB3884261260DA00BD9EB0 /* Products */ = {
			isa = PBXGroup;
			children = (
				88EB3883261260DA00BD9EB0 /* Touchdown.app */,
			);
			name = Products;
			sourceTree = "<group>";
		};
		88EB3885261260DA00BD9EB0 /* Touchdown */ = {
			isa = PBXGroup;
			children = (
				88EB38A42612644700BD9EB0 /* App */,
				88EB38A62612645400BD9EB0 /* View */,
				88EB389F2612626300BD9EB0 /* Data */,
				88EB38A92612647200BD9EB0 /* Model */,
				88EB38AA2612648600BD9EB0 /* Extension */,
				88EB38AB2612649100BD9EB0 /* Utility */,
				88EB388A261260DB00BD9EB0 /* Assets.xcassets */,
				88EB388F261260DB00BD9EB0 /* Info.plist */,
				88EB388C261260DB00BD9EB0 /* Preview Content */,
			);
			path = Touchdown;
			sourceTree = "<group>";
		};
		88EB388C261260DB00BD9EB0 /* Preview Content */ = {
			isa = PBXGroup;
			children = (
				88EB388D261260DB00BD9EB0 /* Preview Assets.xcassets */,
			);
			path = "Preview Content";
			sourceTree = "<group>";
		};
		88EB389F2612626300BD9EB0 /* Data */ = {
			isa = PBXGroup;
			children = (
				88EB38972612624900BD9EB0 /* brand.json */,
				88EB38962612624900BD9EB0 /* category.json */,
				88EB38982612624900BD9EB0 /* player.json */,
				88EB38992612624900BD9EB0 /* product.json */,
			);
			path = Data;
			sourceTree = "<group>";
		};
		88EB38A42612644700BD9EB0 /* App */ = {
			isa = PBXGroup;
			children = (
				88EB3886261260DA00BD9EB0 /* TouchdownApp.swift */,
				88EB3888261260DA00BD9EB0 /* ContentView.swift */,
				88EB38E42613B4C600BD9EB0 /* ProductDetailView.swift */,
			);
			path = App;
			sourceTree = "<group>";
		};
		88EB38A62612645400BD9EB0 /* View */ = {
			isa = PBXGroup;
			children = (
				88EB38A72612646100BD9EB0 /* Home */,
				88EB38A82612646600BD9EB0 /* Detail */,
			);
			path = View;
			sourceTree = "<group>";
		};
		88EB38A72612646100BD9EB0 /* Home */ = {
			isa = PBXGroup;
			children = (
				88EB38B0261265D700BD9EB0 /* FooterView.swift */,
				88EB38B426126A3B00BD9EB0 /* NavigationBarView.swift */,
				88EB38B726126B7500BD9EB0 /* LogoView.swift */,
				88EB38C026127B7300BD9EB0 /* FeaturedItemView.swift */,
				88EB38C326127C1700BD9EB0 /* FeaturedTabView.swift */,
				88EB38C9261281A200BD9EB0 /* CategoryItemView.swift */,
				88EB38CC261283BD00BD9EB0 /* CategoryGridView.swift */,
				88EB38CF261285AC00BD9EB0 /* SectionView.swift */,
				88EB38D22613A54C00BD9EB0 /* TitleView.swift */,
				88EB38D82613AB1800BD9EB0 /* ProductItemView.swift */,
				88EB38DE2613AFB200BD9EB0 /* BrandItemView.swift */,
				88EB38E12613B0A400BD9EB0 /* BrandGridView.swift */,
			);
			path = Home;
			sourceTree = "<group>";
		};
		88EB38A82612646600BD9EB0 /* Detail */ = {
			isa = PBXGroup;
			children = (
				88EB38E72613B77C00BD9EB0 /* NavigationBarDetailView.swift */,
				88EB38EA2613B92400BD9EB0 /* HeaderDetailView.swift */,
				88EB38ED2613BA2A00BD9EB0 /* TopPartDetailView.swift */,
				88EB38F32613C52500BD9EB0 /* RatingsSizesDetailView.swift */,
				88EB38F62613C8A800BD9EB0 /* QuantityFavouriteDetailView.swift */,
				88EB38F92613CC5000BD9EB0 /* AddToCartDetailView.swift */,
			);
			path = Detail;
			sourceTree = "<group>";
		};
		88EB38A92612647200BD9EB0 /* Model */ = {
			isa = PBXGroup;
			children = (
				88EB38BA2612793600BD9EB0 /* PlayerModel.swift */,
				88EB38C62612805500BD9EB0 /* CategoryModel.swift */,
				88EB38D52613A8A200BD9EB0 /* ProductModel.swift */,
				88EB38DB2613AF3E00BD9EB0 /* BrandModel.swift */,
			);
			path = Model;
			sourceTree = "<group>";
		};
		88EB38AA2612648600BD9EB0 /* Extension */ = {
			isa = PBXGroup;
			children = (
				88EB38BD2612798400BD9EB0 /* CodableBundleExtension.swift */,
			);
			path = Extension;
			sourceTree = "<group>";
		};
		88EB38AB2612649100BD9EB0 /* Utility */ = {
			isa = PBXGroup;
			children = (
				88EB38AC261264E600BD9EB0 /* Constant.swift */,
				88EB38F02613BFD900BD9EB0 /* CustomShape.swift */,
			);
			path = Utility;
			sourceTree = "<group>";
		};
/* End PBXGroup section */

/* Begin PBXNativeTarget section */
		88EB3882261260DA00BD9EB0 /* Touchdown */ = {
			isa = PBXNativeTarget;
			buildConfigurationList = 88EB3892261260DB00BD9EB0 /* Build configuration list for PBXNativeTarget "Touchdown" */;
			buildPhases = (
				88EB387F261260DA00BD9EB0 /* Sources */,
				88EB3880261260DA00BD9EB0 /* Frameworks */,
				88EB3881261260DA00BD9EB0 /* Resources */,
			);
			buildRules = (
			);
			dependencies = (
			);
			name = Touchdown;
			productName = Touchdown;
			productReference = 88EB3883261260DA00BD9EB0 /* Touchdown.app */;
			productType = "com.apple.product-type.application";
		};
/* End PBXNativeTarget section */

/* Begin PBXProject section */
		88EB387B261260DA00BD9EB0 /* Project object */ = {
			isa = PBXProject;
			attributes = {
				LastSwiftUpdateCheck = 1240;
				LastUpgradeCheck = 1240;
				TargetAttributes = {
					88EB3882261260DA00BD9EB0 = {
						CreatedOnToolsVersion = 12.4;
					};
				};
			};
			buildConfigurationList = 88EB387E261260DA00BD9EB0 /* Build configuration list for PBXProject "Touchdown" */;
			compatibilityVersion = "Xcode 9.3";
			developmentRegion = en;
			hasScannedForEncodings = 0;
			knownRegions = (
				en,
				Base,
			);
			mainGroup = 88EB387A261260DA00BD9EB0;
			productRefGroup = 88EB3884261260DA00BD9EB0 /* Products */;
			projectDirPath = "";
			projectRoot = "";
			targets = (
				88EB3882261260DA00BD9EB0 /* Touchdown */,
			);
		};
/* End PBXProject section */

/* Begin PBXResourcesBuildPhase section */
		88EB3881261260DA00BD9EB0 /* Resources */ = {
			isa = PBXResourcesBuildPhase;
			buildActionMask = 2147483647;
			files = (
				88EB389C2612624900BD9EB0 /* player.json in Resources */,
				88EB389A2612624900BD9EB0 /* category.json in Resources */,
				88EB389B2612624900BD9EB0 /* brand.json in Resources */,
				88EB388E261260DB00BD9EB0 /* Preview Assets.xcassets in Resources */,
				88EB388B261260DB00BD9EB0 /* Assets.xcassets in Resources */,
				88EB389D2612624900BD9EB0 /* product.json in Resources */,
			);
			runOnlyForDeploymentPostprocessing = 0;
		};
/* End PBXResourcesBuildPhase section */

/* Begin PBXSourcesBuildPhase section */
		88EB387F261260DA00BD9EB0 /* Sources */ = {
			isa = PBXSourcesBuildPhase;
			buildActionMask = 2147483647;
			files = (
				88EB38BE2612798400BD9EB0 /* CodableBundleExtension.swift in Sources */,
				88EB38EB2613B92400BD9EB0 /* HeaderDetailView.swift in Sources */,
				88EB38EE2613BA2A00BD9EB0 /* TopPartDetailView.swift in Sources */,
				88EB3889261260DA00BD9EB0 /* ContentView.swift in Sources */,
				88EB38B826126B7500BD9EB0 /* LogoView.swift in Sources */,
				88EB38B1261265D700BD9EB0 /* FooterView.swift in Sources */,
				88EB38C126127B7300BD9EB0 /* FeaturedItemView.swift in Sources */,
				88EB38D92613AB1800BD9EB0 /* ProductItemView.swift in Sources */,
				88EB38FA2613CC5000BD9EB0 /* AddToCartDetailView.swift in Sources */,
				88EB38E22613B0A400BD9EB0 /* BrandGridView.swift in Sources */,
				88EB38F42613C52600BD9EB0 /* RatingsSizesDetailView.swift in Sources */,
				88EB3887261260DA00BD9EB0 /* TouchdownApp.swift in Sources */,
				88EB38E52613B4C600BD9EB0 /* ProductDetailView.swift in Sources */,
				88EB38E82613B77C00BD9EB0 /* NavigationBarDetailView.swift in Sources */,
				88EB38AD261264E600BD9EB0 /* Constant.swift in Sources */,
				88EB38CD261283BD00BD9EB0 /* CategoryGridView.swift in Sources */,
				88EB38C72612805500BD9EB0 /* CategoryModel.swift in Sources */,
				88EB38B526126A3B00BD9EB0 /* NavigationBarView.swift in Sources */,
				88EB38D0261285AC00BD9EB0 /* SectionView.swift in Sources */,
				88EB38DF2613AFB200BD9EB0 /* BrandItemView.swift in Sources */,
				88EB38CA261281A200BD9EB0 /* CategoryItemView.swift in Sources */,
				88EB38C426127C1700BD9EB0 /* FeaturedTabView.swift in Sources */,
				88EB38F12613BFD900BD9EB0 /* CustomShape.swift in Sources */,
				88EB38BB2612793600BD9EB0 /* PlayerModel.swift in Sources */,
				88EB38DC2613AF3E00BD9EB0 /* BrandModel.swift in Sources */,
				88EB38D32613A54C00BD9EB0 /* TitleView.swift in Sources */,
				88EB38F72613C8A800BD9EB0 /* QuantityFavouriteDetailView.swift in Sources */,
				88EB38D62613A8A200BD9EB0 /* ProductModel.swift in Sources */,
			);
			runOnlyForDeploymentPostprocessing = 0;
		};
/* End PBXSourcesBuildPhase section */

/* Begin XCBuildConfiguration section */
		88EB3890261260DB00BD9EB0 /* Debug */ = {
			isa = XCBuildConfiguration;
			buildSettings = {
				ALWAYS_SEARCH_USER_PATHS = NO;
				CLANG_ANALYZER_NONNULL = YES;
				CLANG_ANALYZER_NUMBER_OBJECT_CONVERSION = YES_AGGRESSIVE;
				CLANG_CXX_LANGUAGE_STANDARD = "gnu++14";
				CLANG_CXX_LIBRARY = "libc++";
				CLANG_ENABLE_MODULES = YES;
				CLANG_ENABLE_OBJC_ARC = YES;
				CLANG_ENABLE_OBJC_WEAK = YES;
				CLANG_WARN_BLOCK_CAPTURE_AUTORELEASING = YES;
				CLANG_WARN_BOOL_CONVERSION = YES;
				CLANG_WARN_COMMA = YES;
				CLANG_WARN_CONSTANT_CONVERSION = YES;
				CLANG_WARN_DEPRECATED_OBJC_IMPLEMENTATIONS = YES;
				CLANG_WARN_DIRECT_OBJC_ISA_USAGE = YES_ERROR;
				CLANG_WARN_DOCUMENTATION_COMMENTS = YES;
				CLANG_WARN_EMPTY_BODY = YES;
				CLANG_WARN_ENUM_CONVERSION = YES;
				CLANG_WARN_INFINITE_RECURSION = YES;
				CLANG_WARN_INT_CONVERSION = YES;
				CLANG_WARN_NON_LITERAL_NULL_CONVERSION = YES;
				CLANG_WARN_OBJC_IMPLICIT_RETAIN_SELF = YES;
				CLANG_WARN_OBJC_LITERAL_CONVERSION = YES;
				CLANG_WARN_OBJC_ROOT_CLASS = YES_ERROR;
				CLANG_WARN_QUOTED_INCLUDE_IN_FRAMEWORK_HEADER = YES;
				CLANG_WARN_RANGE_LOOP_ANALYSIS = YES;
				CLANG_WARN_STRICT_PROTOTYPES = YES;
				CLANG_WARN_SUSPICIOUS_MOVE = YES;
				CLANG_WARN_UNGUARDED_AVAILABILITY = YES_AGGRESSIVE;
				CLANG_WARN_UNREACHABLE_CODE = YES;
				CLANG_WARN__DUPLICATE_METHOD_MATCH = YES;
				COPY_PHASE_STRIP = NO;
				DEBUG_INFORMATION_FORMAT = dwarf;
				ENABLE_STRICT_OBJC_MSGSEND = YES;
				ENABLE_TESTABILITY = YES;
				GCC_C_LANGUAGE_STANDARD = gnu11;
				GCC_DYNAMIC_NO_PIC = NO;
				GCC_NO_COMMON_BLOCKS = YES;
				GCC_OPTIMIZATION_LEVEL = 0;
				GCC_PREPROCESSOR_DEFINITIONS = (
					"DEBUG=1",
					"$(inherited)",
				);
				GCC_WARN_64_TO_32_BIT_CONVERSION = YES;
				GCC_WARN_ABOUT_RETURN_TYPE = YES_ERROR;
				GCC_WARN_UNDECLARED_SELECTOR = YES;
				GCC_WARN_UNINITIALIZED_AUTOS = YES_AGGRESSIVE;
				GCC_WARN_UNUSED_FUNCTION = YES;
				GCC_WARN_UNUSED_VARIABLE = YES;
				IPHONEOS_DEPLOYMENT_TARGET = 14.4;
				MTL_ENABLE_DEBUG_INFO = INCLUDE_SOURCE;
				MTL_FAST_MATH = YES;
				ONLY_ACTIVE_ARCH = YES;
				SDKROOT = iphoneos;
				SWIFT_ACTIVE_COMPILATION_CONDITIONS = DEBUG;
				SWIFT_OPTIMIZATION_LEVEL = "-Onone";
			};
			name = Debug;
		};
		88EB3891261260DB00BD9EB0 /* Release */ = {
			isa = XCBuildConfiguration;
			buildSettings = {
				ALWAYS_SEARCH_USER_PATHS = NO;
				CLANG_ANALYZER_NONNULL = YES;
				CLANG_ANALYZER_NUMBER_OBJECT_CONVERSION = YES_AGGRESSIVE;
				CLANG_CXX_LANGUAGE_STANDARD = "gnu++14";
				CLANG_CXX_LIBRARY = "libc++";
				CLANG_ENABLE_MODULES = YES;
				CLANG_ENABLE_OBJC_ARC = YES;
				CLANG_ENABLE_OBJC_WEAK = YES;
				CLANG_WARN_BLOCK_CAPTURE_AUTORELEASING = YES;
				CLANG_WARN_BOOL_CONVERSION = YES;
				CLANG_WARN_COMMA = YES;
				CLANG_WARN_CONSTANT_CONVERSION = YES;
				CLANG_WARN_DEPRECATED_OBJC_IMPLEMENTATIONS = YES;
				CLANG_WARN_DIRECT_OBJC_ISA_USAGE = YES_ERROR;
				CLANG_WARN_DOCUMENTATION_COMMENTS = YES;
				CLANG_WARN_EMPTY_BODY = YES;
				CLANG_WARN_ENUM_CONVERSION = YES;
				CLANG_WARN_INFINITE_RECURSION = YES;
				CLANG_WARN_INT_CONVERSION = YES;
				CLANG_WARN_NON_LITERAL_NULL_CONVERSION = YES;
				CLANG_WARN_OBJC_IMPLICIT_RETAIN_SELF = YES;
				CLANG_WARN_OBJC_LITERAL_CONVERSION = YES;
				CLANG_WARN_OBJC_ROOT_CLASS = YES_ERROR;
				CLANG_WARN_QUOTED_INCLUDE_IN_FRAMEWORK_HEADER = YES;
				CLANG_WARN_RANGE_LOOP_ANALYSIS = YES;
				CLANG_WARN_STRICT_PROTOTYPES = YES;
				CLANG_WARN_SUSPICIOUS_MOVE = YES;
				CLANG_WARN_UNGUARDED_AVAILABILITY = YES_AGGRESSIVE;
				CLANG_WARN_UNREACHABLE_CODE = YES;
				CLANG_WARN__DUPLICATE_METHOD_MATCH = YES;
				COPY_PHASE_STRIP = NO;
				DEBUG_INFORMATION_FORMAT = "dwarf-with-dsym";
				ENABLE_NS_ASSERTIONS = NO;
				ENABLE_STRICT_OBJC_MSGSEND = YES;
				GCC_C_LANGUAGE_STANDARD = gnu11;
				GCC_NO_COMMON_BLOCKS = YES;
				GCC_WARN_64_TO_32_BIT_CONVERSION = YES;
				GCC_WARN_ABOUT_RETURN_TYPE = YES_ERROR;
				GCC_WARN_UNDECLARED_SELECTOR = YES;
				GCC_WARN_UNINITIALIZED_AUTOS = YES_AGGRESSIVE;
				GCC_WARN_UNUSED_FUNCTION = YES;
				GCC_WARN_UNUSED_VARIABLE = YES;
				IPHONEOS_DEPLOYMENT_TARGET = 14.4;
				MTL_ENABLE_DEBUG_INFO = NO;
				MTL_FAST_MATH = YES;
				SDKROOT = iphoneos;
				SWIFT_COMPILATION_MODE = wholemodule;
				SWIFT_OPTIMIZATION_LEVEL = "-O";
				VALIDATE_PRODUCT = YES;
			};
			name = Release;
		};
		88EB3893261260DB00BD9EB0 /* Debug */ = {
			isa = XCBuildConfiguration;
			buildSettings = {
				ASSETCATALOG_COMPILER_APPICON_NAME = AppIcon;
				ASSETCATALOG_COMPILER_GLOBAL_ACCENT_COLOR_NAME = AccentColor;
				CODE_SIGN_STYLE = Automatic;
				DEVELOPMENT_ASSET_PATHS = "\"Touchdown/Preview Content\"";
				DEVELOPMENT_TEAM = 238CXC7DZ6;
				ENABLE_PREVIEWS = YES;
				INFOPLIST_FILE = Touchdown/Info.plist;
				IPHONEOS_DEPLOYMENT_TARGET = 14.0;
				LD_RUNPATH_SEARCH_PATHS = (
					"$(inherited)",
					"@executable_path/Frameworks",
				);
				PRODUCT_BUNDLE_IDENTIFIER = com.yusufcaglar.Touchdown;
				PRODUCT_NAME = "$(TARGET_NAME)";
				SWIFT_VERSION = 5.0;
				TARGETED_DEVICE_FAMILY = "1,2";
			};
			name = Debug;
		};
		88EB3894261260DB00BD9EB0 /* Release */ = {
			isa = XCBuildConfiguration;
			buildSettings = {
				ASSETCATALOG_COMPILER_APPICON_NAME = AppIcon;
				ASSETCATALOG_COMPILER_GLOBAL_ACCENT_COLOR_NAME = AccentColor;
				CODE_SIGN_STYLE = Automatic;
				DEVELOPMENT_ASSET_PATHS = "\"Touchdown/Preview Content\"";
				DEVELOPMENT_TEAM = 238CXC7DZ6;
				ENABLE_PREVIEWS = YES;
				INFOPLIST_FILE = Touchdown/Info.plist;
				IPHONEOS_DEPLOYMENT_TARGET = 14.0;
				LD_RUNPATH_SEARCH_PATHS = (
					"$(inherited)",
					"@executable_path/Frameworks",
				);
				PRODUCT_BUNDLE_IDENTIFIER = com.yusufcaglar.Touchdown;
				PRODUCT_NAME = "$(TARGET_NAME)";
				SWIFT_VERSION = 5.0;
				TARGETED_DEVICE_FAMILY = "1,2";
			};
			name = Release;
		};
/* End XCBuildConfiguration section */

/* Begin XCConfigurationList section */
		88EB387E261260DA00BD9EB0 /* Build configuration list for PBXProject "Touchdown" */ = {
			isa = XCConfigurationList;
			buildConfigurations = (
				88EB3890261260DB00BD9EB0 /* Debug */,
				88EB3891261260DB00BD9EB0 /* Release */,
			);
			defaultConfigurationIsVisible = 0;
			defaultConfigurationName = Release;
		};
		88EB3892261260DB00BD9EB0 /* Build configuration list for PBXNativeTarget "Touchdown" */ = {
			isa = XCConfigurationList;
			buildConfigurations = (
				88EB3893261260DB00BD9EB0 /* Debug */,
				88EB3894261260DB00BD9EB0 /* Release */,
			);
			defaultConfigurationIsVisible = 0;
			defaultConfigurationName = Release;
		};
/* End XCConfigurationList section */
	};
	rootObject = 88EB387B261260DA00BD9EB0 /* Project object */;
}
