// !$*UTF8*$!
{
	archiveVersion = 1;
	classes = {
	};
	objectVersion = 50;
	objects = {

/* Begin PBXBuildFile section */
		88EB3887261260DA00BD9EB0 /* TouchdownApp.swift in Sources */ = {isa = PBXBuildFile; fileRef = 88EB3886261260DA00BD9EB0 /* TouchdownApp.swift */; };
		88EB3889261260DA00BD9EB0 /* ContentView.swift in Sources */ = {isa = PBXBuildFile; fileRef = 88EB3888261260DA00BD9EB0 /* ContentView.swift */; };
		88EB388B261260DB00BD9EB0 /* Assets.xcassets in Resources */ = {isa = PBXBuildFile; fileRef = 88EB388A261260DB00BD9EB0 /* Assets.xcassets */; };
		88EB388E261260DB00BD9EB0 /* Preview Assets.xcassets in Resources */ = {isa = PBXBuildFile; fileRef = 88EB388D261260DB00BD9EB0 /* Preview Assets.xcassets */; };
		88EB389A2612624900BD9EB0 /* category.json in Resources */ = {isa = PBXBuildFile; fileRef = 88EB38962612624900BD9EB0 /* category.json */; };
		88EB389B2612624900BD9EB0 /* brand.json in Resources */ = {isa = PBXBuildFile; fileRef = 88EB38972612624900BD9EB0 /* brand.json */; };
		88EB389C2612624900BD9EB0 /* player.json in Resources */ = {isa = PBXBuildFile; fileRef = 88EB38982612624900BD9EB0 /* player.json */; };
		88EB389D2612624900BD9EB0 /* product.json in Resources */ = {isa = PBXBuildFile; fileRef = 88EB38992612624900BD9EB0 /* product.json */; };
		88EB38AD261264E600BD9EB0 /* Constant.swift in Sources */ = {isa = PBXBuildFile; fileRef = 88EB38AC261264E600BD9EB0 /* Constant.swift */; };
		88EB38B1261265D700BD9EB0 /* FooterView.swift in Sources */ = {isa = PBXBuildFile; fileRef = 88EB38B0261265D700BD9EB0 /* FooterView.swift */; };
/* End PBXBuildFile section */

/* Begin PBXFileReference section */
		88EB3883261260DA00BD9EB0 /* Touchdown.app */ = {isa = PBXFileReference; explicitFileType = wrapper.application; includeInIndex = 0; path = Touchdown.app; sourceTree = BUILT_PRODUCTS_DIR; };
		88EB3886261260DA00BD9EB0 /* TouchdownApp.swift */ = {isa = PBXFileReference; lastKnownFileType = sourcecode.swift; path = TouchdownApp.swift; sourceTree = "<group>"; };
		88EB3888261260DA00BD9EB0 /* ContentView.swift */ = {isa = PBXFileReference; lastKnownFileType = sourcecode.swift; path = ContentView.swift; sourceTree = "<group>"; };
		88EB388A261260DB00BD9EB0 /* Assets.xcassets */ = {isa = PBXFileReference; lastKnownFileType = folder.assetcatalog; path = Assets.xcassets; sourceTree = "<group>"; };
		88EB388D261260DB00BD9EB0 /* Preview Assets.xcassets */ = {isa = PBXFileReference; lastKnownFileType = folder.assetcatalog; path = "Preview Assets.xcassets"; sourceTree = "<group>"; };
		88EB388F261260DB00BD9EB0 /* Info.plist */ = {isa = PBXFileReference; lastKnownFileType = text.plist.xml; path = Info.plist; sourceTree = "<group>"; };
		88EB38962612624900BD9EB0 /* category.json */ = {isa = PBXFileReference; fileEncoding = 4; lastKnownFileType = text.json; path = category.json; sourceTree = "<group>"; };
		88EB38972612624900BD9EB0 /* brand.json */ = {isa = PBXFileReference; fileEncoding = 4; lastKnownFileType = text.json; path = brand.json; sourceTree = "<group>"; };
		88EB38982612624900BD9EB0 /* player.json */ = {isa = PBXFileReference; fileEncoding = 4; lastKnownFileType = text.json; path = player.json; sourceTree = "<group>"; };
		88EB38992612624900BD9EB0 /* product.json */ = {isa = PBXFileReference; fileEncoding = 4; lastKnownFileType = text.json; path = product.json; sourceTree = "<group>"; };
		88EB38AC261264E600BD9EB0 /* Constant.swift */ = {isa = PBXFileReference; lastKnownFileType = sourcecode.swift; path = Constant.swift; sourceTree = "<group>"; };
		88EB38B0261265D700BD9EB0 /* FooterView.swift */ = {isa = PBXFileReference; lastKnownFileType = sourcecode.swift; path = FooterView.swift; sourceTree = "<group>"; };
/* End PBXFileReference section */

/* Begin PBXFrameworksBuildPhase section */
		88EB3880261260DA00BD9EB0 /* Frameworks */ = {
			isa = PBXFrameworksBuildPhase;
			buildActionMask = 2147483647;
			files = (
			);
			runOnlyForDeploymentPostprocessing = 0;
		};
/* End PBXFrameworksBuildPhase section */

/* Begin PBXGroup section */
		88EB387A261260DA00BD9EB0 = {
			isa = PBXGroup;
			children = (
				88EB3885261260DA00BD9EB0 /* Touchdown */,
				88EB3884261260DA00BD9EB0 /* Products */,
			);
			sourceTree = "<group>";
		};
		88EB3884261260DA00BD9EB0 /* Products */ = {
			isa = PBXGroup;
			children = (
				88EB3883261260DA00BD9EB0 /* Touchdown.app */,
			);
			name = Products;
			sourceTree = "<group>";
		};
		88EB3885261260DA00BD9EB0 /* Touchdown */ = {
			isa = PBXGroup;
			children = (
				88EB38A42612644700BD9EB0 /* App */,
				88EB38A62612645400BD9EB0 /* View */,
				88EB389F2612626300BD9EB0 /* Data */,
				88EB38A92612647200BD9EB0 /* Model */,
				88EB38AA2612648600BD9EB0 /* Extension */,
				88EB38AB2612649100BD9EB0 /* Utility */,
				88EB388A261260DB00BD9EB0 /* Assets.xcassets */,
				88EB388F261260DB00BD9EB0 /* Info.plist */,
				88EB388C261260DB00BD9EB0 /* Preview Content */,
			);
			path = Touchdown;
			sourceTree = "<group>";
		};
		88EB388C261260DB00BD9EB0 /* Preview Content */ = {
			isa = PBXGroup;
			children = (
				88EB388D261260DB00BD9EB0 /* Preview Assets.xcassets */,
			);
			path = "Preview Content";
			sourceTree = "<group>";
		};
		88EB389F2612626300BD9EB0 /* Data */ = {
			isa = PBXGroup;
			children = (
				88EB38972612624900BD9EB0 /* brand.json */,
				88EB38962612624900BD9EB0 /* category.json */,
				88EB38982612624900BD9EB0 /* player.json */,
				88EB38992612624900BD9EB0 /* product.json */,
			);
			path = Data;
			sourceTree = "<group>";
		};
		88EB38A42612644700BD9EB0 /* App */ = {
			isa = PBXGroup;
			children = (
				88EB3886261260DA00BD9EB0 /* TouchdownApp.swift */,
				88EB3888261260DA00BD9EB0 /* ContentView.swift */,
			);
			path = App;
			sourceTree = "<group>";
		};
		88EB38A62612645400BD9EB0 /* View */ = {
			isa = PBXGroup;
			children = (
				88EB38A72612646100BD9EB0 /* Home */,
				88EB38A82612646600BD9EB0 /* Detail */,
			);
			path = View;
			sourceTree = "<group>";
		};
		88EB38A72612646100BD9EB0 /* Home */ = {
			isa = PBXGroup;
			children = (
				88EB38B0261265D700BD9EB0 /* FooterView.swift */,
			);
			path = Home;
			sourceTree = "<group>";
		};
		88EB38A82612646600BD9EB0 /* Detail */ = {
			isa = PBXGroup;
			children = (
			);
			path = Detail;
			sourceTree = "<group>";
		};
		88EB38A92612647200BD9EB0 /* Model */ = {
			isa = PBXGroup;
			children = (
			);
			path = Model;
			sourceTree = "<group>";
		};
		88EB38AA2612648600BD9EB0 /* Extension */ = {
			isa = PBXGroup;
			children = (
			);
			path = Extension;
			sourceTree = "<group>";
		};
		88EB38AB2612649100BD9EB0 /* Utility */ = {
			isa = PBXGroup;
			children = (
				88EB38AC261264E600BD9EB0 /* Constant.swift */,
			);
			path = Utility;
			sourceTree = "<group>";
		};
/* End PBXGroup section */

/* Begin PBXNativeTarget section */
		88EB3882261260DA00BD9EB0 /* Touchdown */ = {
			isa = PBXNativeTarget;
			buildConfigurationList = 88EB3892261260DB00BD9EB0 /* Build configuration list for PBXNativeTarget "Touchdown" */;
			buildPhases = (
				88EB387F261260DA00BD9EB0 /* Sources */,
				88EB3880261260DA00BD9EB0 /* Frameworks */,
				88EB3881261260DA00BD9EB0 /* Resources */,
			);
			buildRules = (
			);
			dependencies = (
			);
			name = Touchdown;
			productName = Touchdown;
			productReference = 88EB3883261260DA00BD9EB0 /* Touchdown.app */;
			productType = "com.apple.product-type.application";
		};
/* End PBXNativeTarget section */

/* Begin PBXProject section */
		88EB387B261260DA00BD9EB0 /* Project object */ = {
			isa = PBXProject;
			attributes = {
				LastSwiftUpdateCheck = 1240;
				LastUpgradeCheck = 1240;
				TargetAttributes = {
					88EB3882261260DA00BD9EB0 = {
						CreatedOnToolsVersion = 12.4;
					};
				};
			};
			buildConfigurationList = 88EB387E261260DA00BD9EB0 /* Build configuration list for PBXProject "Touchdown" */;
			compatibilityVersion = "Xcode 9.3";
			developmentRegion = en;
			hasScannedForEncodings = 0;
			knownRegions = (
				en,
				Base,
			);
			mainGroup = 88EB387A261260DA00BD9EB0;
			productRefGroup = 88EB3884261260DA00BD9EB0 /* Products */;
			projectDirPath = "";
			projectRoot = "";
			targets = (
				88EB3882261260DA00BD9EB0 /* Touchdown */,
			);
		};
/* End PBXProject section */

/* Begin PBXResourcesBuildPhase section */
		88EB3881261260DA00BD9EB0 /* Resources */ = {
			isa = PBXResourcesBuildPhase;
			buildActionMask = 2147483647;
			files = (
				88EB389C2612624900BD9EB0 /* player.json in Resources */,
				88EB389A2612624900BD9EB0 /* category.json in Resources */,
				88EB389B2612624900BD9EB0 /* brand.json in Resources */,
				88EB388E261260DB00BD9EB0 /* Preview Assets.xcassets in Resources */,
				88EB388B261260DB00BD9EB0 /* Assets.xcassets in Resources */,
				88EB389D2612624900BD9EB0 /* product.json in Resources */,
			);
			runOnlyForDeploymentPostprocessing = 0;
		};
/* End PBXResourcesBuildPhase section */

/* Begin PBXSourcesBuildPhase section */
		88EB387F261260DA00BD9EB0 /* Sources */ = {
			isa = PBXSourcesBuildPhase;
			buildActionMask = 2147483647;
			files = (
				88EB3889261260DA00BD9EB0 /* ContentView.swift in Sources */,
				88EB38B1261265D700BD9EB0 /* FooterView.swift in Sources */,
				88EB3887261260DA00BD9EB0 /* TouchdownApp.swift in Sources */,
				88EB38AD261264E600BD9EB0 /* Constant.swift in Sources */,
			);
			runOnlyForDeploymentPostprocessing = 0;
		};
/* End PBXSourcesBuildPhase section */

/* Begin XCBuildConfiguration section */
		88EB3890261260DB00BD9EB0 /* Debug */ = {
			isa = XCBuildConfiguration;
			buildSettings = {
				ALWAYS_SEARCH_USER_PATHS = NO;
				CLANG_ANALYZER_NONNULL = YES;
				CLANG_ANALYZER_NUMBER_OBJECT_CONVERSION = YES_AGGRESSIVE;
				CLANG_CXX_LANGUAGE_STANDARD = "gnu++14";
				CLANG_CXX_LIBRARY = "libc++";
				CLANG_ENABLE_MODULES = YES;
				CLANG_ENABLE_OBJC_ARC = YES;
				CLANG_ENABLE_OBJC_WEAK = YES;
				CLANG_WARN_BLOCK_CAPTURE_AUTORELEASING = YES;
				CLANG_WARN_BOOL_CONVERSION = YES;
				CLANG_WARN_COMMA = YES;
				CLANG_WARN_CONSTANT_CONVERSION = YES;
				CLANG_WARN_DEPRECATED_OBJC_IMPLEMENTATIONS = YES;
				CLANG_WARN_DIRECT_OBJC_ISA_USAGE = YES_ERROR;
				CLANG_WARN_DOCUMENTATION_COMMENTS = YES;
				CLANG_WARN_EMPTY_BODY = YES;
				CLANG_WARN_ENUM_CONVERSION = YES;
				CLANG_WARN_INFINITE_RECURSION = YES;
				CLANG_WARN_INT_CONVERSION = YES;
				CLANG_WARN_NON_LITERAL_NULL_CONVERSION = YES;
				CLANG_WARN_OBJC_IMPLICIT_RETAIN_SELF = YES;
				CLANG_WARN_OBJC_LITERAL_CONVERSION = YES;
				CLANG_WARN_OBJC_ROOT_CLASS = YES_ERROR;
				CLANG_WARN_QUOTED_INCLUDE_IN_FRAMEWORK_HEADER = YES;
				CLANG_WARN_RANGE_LOOP_ANALYSIS = YES;
				CLANG_WARN_STRICT_PROTOTYPES = YES;
				CLANG_WARN_SUSPICIOUS_MOVE = YES;
				CLANG_WARN_UNGUARDED_AVAILABILITY = YES_AGGRESSIVE;
				CLANG_WARN_UNREACHABLE_CODE = YES;
				CLANG_WARN__DUPLICATE_METHOD_MATCH = YES;
				COPY_PHASE_STRIP = NO;
				DEBUG_INFORMATION_FORMAT = dwarf;
				ENABLE_STRICT_OBJC_MSGSEND = YES;
				ENABLE_TESTABILITY = YES;
				GCC_C_LANGUAGE_STANDARD = gnu11;
				GCC_DYNAMIC_NO_PIC = NO;
				GCC_NO_COMMON_BLOCKS = YES;
				GCC_OPTIMIZATION_LEVEL = 0;
				GCC_PREPROCESSOR_DEFINITIONS = (
					"DEBUG=1",
					"$(inherited)",
				);
				GCC_WARN_64_TO_32_BIT_CONVERSION = YES;
				GCC_WARN_ABOUT_RETURN_TYPE = YES_ERROR;
				GCC_WARN_UNDECLARED_SELECTOR = YES;
				GCC_WARN_UNINITIALIZED_AUTOS = YES_AGGRESSIVE;
				GCC_WARN_UNUSED_FUNCTION = YES;
				GCC_WARN_UNUSED_VARIABLE = YES;
				IPHONEOS_DEPLOYMENT_TARGET = 14.4;
				MTL_ENABLE_DEBUG_INFO = INCLUDE_SOURCE;
				MTL_FAST_MATH = YES;
				ONLY_ACTIVE_ARCH = YES;
				SDKROOT = iphoneos;
				SWIFT_ACTIVE_COMPILATION_CONDITIONS = DEBUG;
				SWIFT_OPTIMIZATION_LEVEL = "-Onone";
			};
			name = Debug;
		};
		88EB3891261260DB00BD9EB0 /* Release */ = {
			isa = XCBuildConfiguration;
			buildSettings = {
				ALWAYS_SEARCH_USER_PATHS = NO;
				CLANG_ANALYZER_NONNULL = YES;
				CLANG_ANALYZER_NUMBER_OBJECT_CONVERSION = YES_AGGRESSIVE;
				CLANG_CXX_LANGUAGE_STANDARD = "gnu++14";
				CLANG_CXX_LIBRARY = "libc++";
				CLANG_ENABLE_MODULES = YES;
				CLANG_ENABLE_OBJC_ARC = YES;
				CLANG_ENABLE_OBJC_WEAK = YES;
				CLANG_WARN_BLOCK_CAPTURE_AUTORELEASING = YES;
				CLANG_WARN_BOOL_CONVERSION = YES;
				CLANG_WARN_COMMA = YES;
				CLANG_WARN_CONSTANT_CONVERSION = YES;
				CLANG_WARN_DEPRECATED_OBJC_IMPLEMENTATIONS = YES;
				CLANG_WARN_DIRECT_OBJC_ISA_USAGE = YES_ERROR;
				CLANG_WARN_DOCUMENTATION_COMMENTS = YES;
				CLANG_WARN_EMPTY_BODY = YES;
				CLANG_WARN_ENUM_CONVERSION = YES;
				CLANG_WARN_INFINITE_RECURSION = YES;
				CLANG_WARN_INT_CONVERSION = YES;
				CLANG_WARN_NON_LITERAL_NULL_CONVERSION = YES;
				CLANG_WARN_OBJC_IMPLICIT_RETAIN_SELF = YES;
				CLANG_WARN_OBJC_LITERAL_CONVERSION = YES;
				CLANG_WARN_OBJC_ROOT_CLASS = YES_ERROR;
				CLANG_WARN_QUOTED_INCLUDE_IN_FRAMEWORK_HEADER = YES;
				CLANG_WARN_RANGE_LOOP_ANALYSIS = YES;
				CLANG_WARN_STRICT_PROTOTYPES = YES;
				CLANG_WARN_SUSPICIOUS_MOVE = YES;
				CLANG_WARN_UNGUARDED_AVAILABILITY = YES_AGGRESSIVE;
				CLANG_WARN_UNREACHABLE_CODE = YES;
				CLANG_WARN__DUPLICATE_METHOD_MATCH = YES;
				COPY_PHASE_STRIP = NO;
				DEBUG_INFORMATION_FORMAT = "dwarf-with-dsym";
				ENABLE_NS_ASSERTIONS = NO;
				ENABLE_STRICT_OBJC_MSGSEND = YES;
				GCC_C_LANGUAGE_STANDARD = gnu11;
				GCC_NO_COMMON_BLOCKS = YES;
				GCC_WARN_64_TO_32_BIT_CONVERSION = YES;
				GCC_WARN_ABOUT_RETURN_TYPE = YES_ERROR;
				GCC_WARN_UNDECLARED_SELECTOR = YES;
				GCC_WARN_UNINITIALIZED_AUTOS = YES_AGGRESSIVE;
				GCC_WARN_UNUSED_FUNCTION = YES;
				GCC_WARN_UNUSED_VARIABLE = YES;
				IPHONEOS_DEPLOYMENT_TARGET = 14.4;
				MTL_ENABLE_DEBUG_INFO = NO;
				MTL_FAST_MATH = YES;
				SDKROOT = iphoneos;
				SWIFT_COMPILATION_MODE = wholemodule;
				SWIFT_OPTIMIZATION_LEVEL = "-O";
				VALIDATE_PRODUCT = YES;
			};
			name = Release;
		};
		88EB3893261260DB00BD9EB0 /* Debug */ = {
			isa = XCBuildConfiguration;
			buildSettings = {
				ASSETCATALOG_COMPILER_APPICON_NAME = AppIcon;
				ASSETCATALOG_COMPILER_GLOBAL_ACCENT_COLOR_NAME = AccentColor;
				CODE_SIGN_STYLE = Automatic;
				DEVELOPMENT_ASSET_PATHS = "\"Touchdown/Preview Content\"";
				DEVELOPMENT_TEAM = 238CXC7DZ6;
				ENABLE_PREVIEWS = YES;
				INFOPLIST_FILE = Touchdown/Info.plist;
				IPHONEOS_DEPLOYMENT_TARGET = 14.0;
				LD_RUNPATH_SEARCH_PATHS = (
					"$(inherited)",
					"@executable_path/Frameworks",
				);
				PRODUCT_BUNDLE_IDENTIFIER = com.yusufcaglar.Touchdown;
				PRODUCT_NAME = "$(TARGET_NAME)";
				SWIFT_VERSION = 5.0;
				TARGETED_DEVICE_FAMILY = "1,2";
			};
			name = Debug;
		};
		88EB3894261260DB00BD9EB0 /* Release */ = {
			isa = XCBuildConfiguration;
			buildSettings = {
				ASSETCATALOG_COMPILER_APPICON_NAME = AppIcon;
				ASSETCATALOG_COMPILER_GLOBAL_ACCENT_COLOR_NAME = AccentColor;
				CODE_SIGN_STYLE = Automatic;
				DEVELOPMENT_ASSET_PATHS = "\"Touchdown/Preview Content\"";
				DEVELOPMENT_TEAM = 238CXC7DZ6;
				ENABLE_PREVIEWS = YES;
				INFOPLIST_FILE = Touchdown/Info.plist;
				IPHONEOS_DEPLOYMENT_TARGET = 14.0;
				LD_RUNPATH_SEARCH_PATHS = (
					"$(inherited)",
					"@executable_path/Frameworks",
				);
				PRODUCT_BUNDLE_IDENTIFIER = com.yusufcaglar.Touchdown;
				PRODUCT_NAME = "$(TARGET_NAME)";
				SWIFT_VERSION = 5.0;
				TARGETED_DEVICE_FAMILY = "1,2";
			};
			name = Release;
		};
/* End XCBuildConfiguration section */

/* Begin XCConfigurationList section */
		88EB387E261260DA00BD9EB0 /* Build configuration list for PBXProject "Touchdown" */ = {
			isa = XCConfigurationList;
			buildConfigurations = (
				88EB3890261260DB00BD9EB0 /* Debug */,
				88EB3891261260DB00BD9EB0 /* Release */,
			);
			defaultConfigurationIsVisible = 0;
			defaultConfigurationName = Release;
		};
		88EB3892261260DB00BD9EB0 /* Build configuration list for PBXNativeTarget "Touchdown" */ = {
			isa = XCConfigurationList;
			buildConfigurations = (
				88EB3893261260DB00BD9EB0 /* Debug */,
				88EB3894261260DB00BD9EB0 /* Release */,
			);
			defaultConfigurationIsVisible = 0;
			defaultConfigurationName = Release;
		};
/* End XCConfigurationList section */
	};
	rootObject = 88EB387B261260DA00BD9EB0 /* Project object */;
}
